
Microsoft Visual Studio Solution File, Format Version 12.00
# Visual Studio 15
VisualStudioVersion = 15.0.28307.168
MinimumVisualStudioVersion = 10.0.40219.1
Project("{FAE04EC0-301F-11D3-BF4B-00C04F79EFBC}") = "ProductMicroservice", "ProductMicroservice\ProductMicroservice.csproj", "{135C284D-982F-485C-8844-8D6430306C94}"
EndProject
Global
	GlobalSection(SolutionConfigurationPlatforms) = preSolution
		Debug|Any CPU = Debug|Any CPU
		Release|Any CPU = Release|Any CPU
	EndGlobalSection
	GlobalSection(ProjectConfigurationPlatforms) = postSolution
		{135C284D-982F-485C-8844-8D6430306C94}.Debug|Any CPU.ActiveCfg = Debug|Any CPU
		{135C284D-982F-485C-8844-8D6430306C94}.Debug|Any CPU.Build.0 = Debug|Any CPU
		{135C284D-982F-485C-8844-8D6430306C94}.Release|Any CPU.ActiveCfg = Release|Any CPU
		{135C284D-982F-485C-8844-8D6430306C94}.Release|Any CPU.Build.0 = Release|Any CPU
	EndGlobalSection
	GlobalSection(SolutionProperties) = preSolution
		HideSolutionNode = FALSE
	EndGlobalSection
	GlobalSection(ExtensibilityGlobals) = postSolution
		SolutionGuid = {B12F983E-4781-4247-8E31-3FFC1BE17DE0}
	EndGlobalSection
EndGlobal
